hash: 00d184e33a2aa7ee616856fcbbc4c831bd2d2e3654803f4035b1144d89335663
updated: 2018-10-15T14:57:37.209841784+08:00
imports:
- name: cloud.google.com/go
  version: dfffe386c33fb24c34ee501e5723df5b97b98514
  subpackages:
  - compute/metadata
  - iam
  - internal
  - internal/optional
  - internal/trace
  - internal/version
  - storage
- name: github.com/aliyun/aliyun-oss-go-sdk
  version: ddc87ec2145f324f91257266e657cd7fa0ff1c8c
  subpackages:
  - oss
- name: github.com/aws/aws-sdk-go
  version: bf8067ceb6e7f51e150c218972dccfeeed892b85
  subpackages:
  - aws
  - aws/awserr
  - aws/awsutil
  - aws/client
  - aws/client/metadata
  - aws/corehandlers
  - aws/credentials
  - aws/credentials/ec2rolecreds
  - aws/credentials/endpointcreds
  - aws/credentials/stscreds
  - aws/csm
  - aws/defaults
  - aws/ec2metadata
  - aws/endpoints
  - aws/request
  - aws/session
  - aws/signer/v4
  - internal/s3err
  - internal/sdkio
  - internal/sdkrand
  - internal/sdkuri
  - internal/shareddefaults
  - private/protocol
  - private/protocol/eventstream
  - private/protocol/eventstream/eventstreamapi
  - private/protocol/query
  - private/protocol/query/queryutil
  - private/protocol/rest
  - private/protocol/restxml
  - private/protocol/xml/xmlutil
  - service/s3
  - service/sts
- name: github.com/cenkalti/backoff
  version: 61153c768f31ee5f130071d08fc82b85208528de
- name: github.com/go-ini/ini
  version: 9c8236e659b76e87bf02044d06fde8683008ff3e
- name: github.com/gogs/chardet
  version: 2404f777256163ea3eadb273dada5dcb037993c0
- name: github.com/golang/protobuf
  version: b4deda0973fb4c70b50d226b1af49f3da59f5265
  subpackages:
  - proto
  - protoc-gen-go/descriptor
  - ptypes
  - ptypes/any
  - ptypes/duration
  - ptypes/timestamp
- name: github.com/golang/snappy
  version: 2e65f85255dbc3072edf28d6b5b8efc472979f5a
- name: github.com/googleapis/gax-go
  version: 1ef592c90f479e3ab30c6c2312e20e13881b7ea6
- name: github.com/inconshreveable/mousetrap
  version: 76626ae9c91c4f2a10f34cad8ce83ea42c93bb75
- name: github.com/jmespath/go-jmespath
  version: c2b33e8439af944379acbdd9c3a5fe0bc44bd8a5
- name: github.com/konsorten/go-windows-terminal-sequences
  version: 5c8c8bd35d3832f5d134ae1e1e375b69a4d25242
- name: github.com/pengsrc/go-shared
  version: db9bcfc423552eef790d989bb81ef055d0d26286
  subpackages:
  - buffer
  - check
  - convert
  - log
  - pid
  - reopen
- name: github.com/qiniu/api.v7
  version: abe6b9e846ebb649eaf808e515655ab628621e4a
  subpackages:
  - auth/qbox
  - conf
  - storage
- name: github.com/qiniu/x
  version: f512abcf45ab4e2ba0fd4784c57b53d495997d66
  subpackages:
  - bytes.v7
  - bytes.v7/seekable
  - reqid.v7
  - rpc.v7
  - xlog.v7
- name: github.com/sirupsen/logrus
  version: ad15b42461921f1fb3529b058c6786c6a45d5162
- name: github.com/spf13/cobra
  version: 7b2c5ac9fc04fc5efafb60700713d4fa609b777b
- name: github.com/spf13/pflag
  version: e57e3eeb33f795204c1ca35f56c44f83227c6e66
- name: github.com/syndtr/goleveldb
  version: 5d6fca44a948d2be89a9702de7717f0168403d3d
  subpackages:
  - leveldb
  - leveldb/cache
  - leveldb/comparer
  - leveldb/errors
  - leveldb/filter
  - leveldb/iterator
  - leveldb/journal
  - leveldb/memdb
  - leveldb/opt
  - leveldb/storage
  - leveldb/table
  - leveldb/util
- name: github.com/upyun/go-sdk
  version: a71208d1155d6de85b8e80b480634957695db963
  subpackages:
  - upyun
- name: github.com/vmihailenco/msgpack
  version: b5e691b1eb52a28c05e67ab9df303626c095c23b
  subpackages:
  - codes
- name: github.com/yunify/qingstor-sdk-go
  version: e0f4ce9b4495aa46bba366b773cf5a9998e06e66
  subpackages:
  - config
  - logger
  - request
  - request/builder
  - request/data
  - request/errors
  - request/signer
  - request/unpacker
  - service
  - utils
- name: go.opencensus.io
  version: ae36bd8445ff9cde752c94cf0d4f3f9dced1facc
  subpackages:
  - exemplar
  - internal
  - internal/tagencoding
  - plugin/ochttp
  - plugin/ochttp/propagation/b3
  - stats
  - stats/internal
  - stats/view
  - tag
  - trace
  - trace/internal
  - trace/propagation
  - trace/tracestate
- name: golang.org/x/crypto
  version: 0c41d7ab0a0ee717d4590a44bcb987dfd9e183eb
  subpackages:
  - ssh/terminal
- name: golang.org/x/net
  version: 8a410e7b638dca158bf9e766925842f6651ff828
  subpackages:
  - context
  - context/ctxhttp
  - http/httpguts
  - http2
  - http2/hpack
  - idna
  - internal/timeseries
  - trace
- name: golang.org/x/oauth2
  version: c57b0facaced709681d9f90397429b9430a74754
  subpackages:
  - google
  - internal
  - jws
  - jwt
- name: golang.org/x/sys
  version: 1c9583448a9c3aa0f9a6a5241bf73c0bd8aafded
  subpackages:
  - unix
  - windows
- name: golang.org/x/text
  version: 4d1c5fb19474adfe9562c9847ba425e7da817e81
  subpackages:
  - secure/bidirule
  - transform
  - unicode/bidi
  - unicode/norm
- name: google.golang.org/api
  version: 6873a707eacedb17acac10177bd8d45885f629ee
  subpackages:
  - gensupport
  - googleapi
  - googleapi/internal/uritemplates
  - googleapi/transport
  - internal
  - iterator
  - option
  - storage/v1
  - transport/http
  - transport/http/internal/propagation
- name: google.golang.org/appengine
  version: 03cac3b07182cfb08c0d0c0b6ee72a1ceb151c92
  subpackages:
  - datastore
  - internal
  - internal/app_identity
  - internal/base
  - internal/datastore
  - internal/log
  - internal/modules
  - internal/remote_api
  - internal/urlfetch
  - urlfetch
- name: google.golang.org/genproto
  version: c66870c02cf823ceb633bcd05be3c7cda29976f4
  subpackages:
  - googleapis/api/annotations
  - googleapis/iam/v1
  - googleapis/rpc/code
  - googleapis/rpc/status
- name: google.golang.org/grpc
  version: 5b2c343e0bde905ff6b4c5bc7877cdcc765b9700
  subpackages:
  - balancer
  - balancer/base
  - balancer/roundrobin
  - codes
  - connectivity
  - credentials
  - encoding
  - encoding/proto
  - grpclog
  - internal
  - internal/backoff
  - internal/channelz
  - internal/envconfig
  - internal/grpcrand
  - internal/transport
  - keepalive
  - metadata
  - naming
  - peer
  - resolver
  - resolver/dns
  - resolver/passthrough
  - stats
  - status
  - tap
- name: gopkg.in/natefinch/lumberjack.v2
  version: a96e63847dc3c67d17befa69c303767e2f84e54f
- name: gopkg.in/yaml.v2
  version: 5420a8b6744d3b0345ab293f6fcba19c978f1183
- name: qiniupkg.com/x
  version: f512abcf45ab4e2ba0fd4784c57b53d495997d66
  repo: https://github.com/qiniu/x.git
  subpackages:
  - bytes.v7
  - log.v7
  - reqid.v7
testImports:
- name: github.com/davecgh/go-spew
  version: 346938d642f2ec3594ed81d874461961cd0faa76
  subpackages:
  - spew
- name: github.com/pmezard/go-difflib
  version: 792786c7400a136282c1664665ae0a8db921c6c2
  subpackages:
  - difflib
- name: github.com/stretchr/testify
  version: f35b8ab0b5a2cef36673838d662e249dd9c94686
  subpackages:
  - assert
